// !$*UTF8*$!
{
	archiveVersion = 1;
	classes = {
	};
	objectVersion = 77;
	objects = {

/* Begin PBXContainerItemProxy section */
		EBA2E1322CDB4A0D00701183 /* PBXContainerItemProxy */ = {
			isa = PBXContainerItemProxy;
			containerPortal = EBA2E1172CDB4A0B00701183 /* Project object */;
			proxyType = 1;
			remoteGlobalIDString = EBA2E11E2CDB4A0B00701183;
			remoteInfo = SwiftComplete;
		};
		EBA2E13C2CDB4A0D00701183 /* PBXContainerItemProxy */ = {
			isa = PBXContainerItemProxy;
			containerPortal = EBA2E1172CDB4A0B00701183 /* Project object */;
			proxyType = 1;
			remoteGlobalIDString = EBA2E11E2CDB4A0B00701183;
			remoteInfo = SwiftComplete;
		};
/* End PBXContainerItemProxy section */

/* Begin PBXFileReference section */
		EBA2E11F2CDB4A0B00701183 /* SwiftComplete.app */ = {isa = PBXFileReference; explicitFileType = wrapper.application; includeInIndex = 0; path = SwiftComplete.app; sourceTree = BUILT_PRODUCTS_DIR; };
		EBA2E1312CDB4A0D00701183 /* SwiftCompleteTests.xctest */ = {isa = PBXFileReference; explicitFileType = wrapper.cfbundle; includeInIndex = 0; path = SwiftCompleteTests.xctest; sourceTree = BUILT_PRODUCTS_DIR; };
		EBA2E13B2CDB4A0D00701183 /* SwiftCompleteUITests.xctest */ = {isa = PBXFileReference; explicitFileType = wrapper.cfbundle; includeInIndex = 0; path = SwiftCompleteUITests.xctest; sourceTree = BUILT_PRODUCTS_DIR; };
/* End PBXFileReference section */

/* Begin PBXFileSystemSynchronizedBuildFileExceptionSet section */
		EB5A7DBE2D280FC3002883F1 /* Exceptions for "SwiftCompleteTests" folder in "SwiftCompleteTests" target */ = {
			isa = PBXFileSystemSynchronizedBuildFileExceptionSet;
			membershipExceptions = (
				SwiftCompleteUnitTest.xctestplan,
			);
			target = EBA2E1302CDB4A0D00701183 /* SwiftCompleteTests */;
		};
		EB5A7DBF2D280FC5002883F1 /* Exceptions for "SwiftCompleteUITests" folder in "SwiftCompleteTests" target */ = {
			isa = PBXFileSystemSynchronizedBuildFileExceptionSet;
			membershipExceptions = (
				SwiftCompleteUITest.xctestplan,
			);
			target = EBA2E1302CDB4A0D00701183 /* SwiftCompleteTests */;
		};
		EB5A7DC02D280FC5002883F1 /* Exceptions for "SwiftCompleteUITests" folder in "SwiftCompleteUITests" target */ = {
			isa = PBXFileSystemSynchronizedBuildFileExceptionSet;
			membershipExceptions = (
				SwiftCompleteUITest.xctestplan,
			);
			target = EBA2E13A2CDB4A0D00701183 /* SwiftCompleteUITests */;
		};
/* End PBXFileSystemSynchronizedBuildFileExceptionSet section */

/* Begin PBXFileSystemSynchronizedRootGroup section */
		EBA2E1212CDB4A0B00701183 /* SwiftComplete */ = {
			isa = PBXFileSystemSynchronizedRootGroup;
			path = SwiftComplete;
			sourceTree = "<group>";
		};
		EBA2E1342CDB4A0D00701183 /* SwiftCompleteTests */ = {
			isa = PBXFileSystemSynchronizedRootGroup;
			exceptions = (
				EB5A7DBE2D280FC3002883F1 /* Exceptions for "SwiftCompleteTests" folder in "SwiftCompleteTests" target */,
			);
			path = SwiftCompleteTests;
			sourceTree = "<group>";
		};
		EBA2E13E2CDB4A0D00701183 /* SwiftCompleteUITests */ = {
			isa = PBXFileSystemSynchronizedRootGroup;
			exceptions = (
				EB5A7DBF2D280FC5002883F1 /* Exceptions for "SwiftCompleteUITests" folder in "SwiftCompleteTests" target */,
				EB5A7DC02D280FC5002883F1 /* Exceptions for "SwiftCompleteUITests" folder in "SwiftCompleteUITests" target */,
			);
			path = SwiftCompleteUITests;
			sourceTree = "<group>";
		};
/* End PBXFileSystemSynchronizedRootGroup section */

/* Begin PBXFrameworksBuildPhase section */
		EBA2E11C2CDB4A0B00701183 /* Frameworks */ = {
			isa = PBXFrameworksBuildPhase;
			buildActionMask = 2147483647;
			files = (
			);
			runOnlyForDeploymentPostprocessing = 0;
		};
		EBA2E12E2CDB4A0D00701183 /* Frameworks */ = {
			isa = PBXFrameworksBuildPhase;
			buildActionMask = 2147483647;
			files = (
			);
			runOnlyForDeploymentPostprocessing = 0;
		};
		EBA2E1382CDB4A0D00701183 /* Frameworks */ = {
			isa = PBXFrameworksBuildPhase;
			buildActionMask = 2147483647;
			files = (
			);
			runOnlyForDeploymentPostprocessing = 0;
		};
/* End PBXFrameworksBuildPhase section */

/* Begin PBXGroup section */
		EBA2E1162CDB4A0B00701183 = {
			isa = PBXGroup;
			children = (
				EBA2E1212CDB4A0B00701183 /* SwiftComplete */,
				EBA2E1342CDB4A0D00701183 /* SwiftCompleteTests */,
				EBA2E13E2CDB4A0D00701183 /* SwiftCompleteUITests */,
				EBA2E1202CDB4A0B00701183 /* Products */,
			);
			sourceTree = "<group>";
		};
		EBA2E1202CDB4A0B00701183 /* Products */ = {
			isa = PBXGroup;
			children = (
				EBA2E11F2CDB4A0B00701183 /* SwiftComplete.app */,
				EBA2E1312CDB4A0D00701183 /* SwiftCompleteTests.xctest */,
				EBA2E13B2CDB4A0D00701183 /* SwiftCompleteUITests.xctest */,
			);
			name = Products;
			sourceTree = "<group>";
		};
/* End PBXGroup section */

/* Begin PBXNativeTarget section */
		EBA2E11E2CDB4A0B00701183 /* SwiftComplete */ = {
			isa = PBXNativeTarget;
			buildConfigurationList = EBA2E1452CDB4A0D00701183 /* Build configuration list for PBXNativeTarget "SwiftComplete" */;
			buildPhases = (
				EBA2E11B2CDB4A0B00701183 /* Sources */,
				EBA2E11C2CDB4A0B00701183 /* Frameworks */,
				EBA2E11D2CDB4A0B00701183 /* Resources */,
			);
			buildRules = (
			);
			dependencies = (
			);
			fileSystemSynchronizedGroups = (
				EBA2E1212CDB4A0B00701183 /* SwiftComplete */,
			);
			name = SwiftComplete;
			packageProductDependencies = (
			);
			productName = SwiftComplete;
			productReference = EBA2E11F2CDB4A0B00701183 /* SwiftComplete.app */;
			productType = "com.apple.product-type.application";
		};
		EBA2E1302CDB4A0D00701183 /* SwiftCompleteTests */ = {
			isa = PBXNativeTarget;
			buildConfigurationList = EBA2E1482CDB4A0D00701183 /* Build configuration list for PBXNativeTarget "SwiftCompleteTests" */;
			buildPhases = (
				EBA2E12D2CDB4A0D00701183 /* Sources */,
				EBA2E12E2CDB4A0D00701183 /* Frameworks */,
				EBA2E12F2CDB4A0D00701183 /* Resources */,
			);
			buildRules = (
			);
			dependencies = (
				EBA2E1332CDB4A0D00701183 /* PBXTargetDependency */,
			);
			fileSystemSynchronizedGroups = (
				EBA2E1342CDB4A0D00701183 /* SwiftCompleteTests */,
			);
			name = SwiftCompleteTests;
			packageProductDependencies = (
			);
			productName = SwiftCompleteTests;
			productReference = EBA2E1312CDB4A0D00701183 /* SwiftCompleteTests.xctest */;
			productType = "com.apple.product-type.bundle.unit-test";
		};
		EBA2E13A2CDB4A0D00701183 /* SwiftCompleteUITests */ = {
			isa = PBXNativeTarget;
			buildConfigurationList = EBA2E14B2CDB4A0D00701183 /* Build configuration list for PBXNativeTarget "SwiftCompleteUITests" */;
			buildPhases = (
				EBA2E1372CDB4A0D00701183 /* Sources */,
				EBA2E1382CDB4A0D00701183 /* Frameworks */,
				EBA2E1392CDB4A0D00701183 /* Resources */,
			);
			buildRules = (
			);
			dependencies = (
				EBA2E13D2CDB4A0D00701183 /* PBXTargetDependency */,
			);
			fileSystemSynchronizedGroups = (
				EBA2E13E2CDB4A0D00701183 /* SwiftCompleteUITests */,
			);
			name = SwiftCompleteUITests;
			packageProductDependencies = (
			);
			productName = SwiftCompleteUITests;
			productReference = EBA2E13B2CDB4A0D00701183 /* SwiftCompleteUITests.xctest */;
			productType = "com.apple.product-type.bundle.ui-testing";
		};
/* End PBXNativeTarget section */

/* Begin PBXProject section */
		EBA2E1172CDB4A0B00701183 /* Project object */ = {
			isa = PBXProject;
			attributes = {
				BuildIndependentTargetsInParallel = 1;
				LastSwiftUpdateCheck = 1610;
				LastUpgradeCheck = 1610;
				TargetAttributes = {
					EBA2E11E2CDB4A0B00701183 = {
						CreatedOnToolsVersion = 16.1;
					};
					EBA2E1302CDB4A0D00701183 = {
						CreatedOnToolsVersion = 16.1;
						TestTargetID = EBA2E11E2CDB4A0B00701183;
					};
					EBA2E13A2CDB4A0D00701183 = {
						CreatedOnToolsVersion = 16.1;
						TestTargetID = EBA2E11E2CDB4A0B00701183;
					};
				};
			};
			buildConfigurationList = EBA2E11A2CDB4A0B00701183 /* Build configuration list for PBXProject "SwiftComplete" */;
			developmentRegion = en;
			hasScannedForEncodings = 0;
			knownRegions = (
				en,
				Base,
			);
			mainGroup = EBA2E1162CDB4A0B00701183;
			minimizedProjectReferenceProxies = 1;
			preferredProjectObjectVersion = 77;
			productRefGroup = EBA2E1202CDB4A0B00701183 /* Products */;
			projectDirPath = "";
			projectRoot = "";
			targets = (
				EBA2E11E2CDB4A0B00701183 /* SwiftComplete */,
				EBA2E1302CDB4A0D00701183 /* SwiftCompleteTests */,
				EBA2E13A2CDB4A0D00701183 /* SwiftCompleteUITests */,
			);
		};
/* End PBXProject section */

/* Begin PBXResourcesBuildPhase section */
		EBA2E11D2CDB4A0B00701183 /* Resources */ = {
			isa = PBXResourcesBuildPhase;
			buildActionMask = 2147483647;
			files = (
			);
			runOnlyForDeploymentPostprocessing = 0;
		};
		EBA2E12F2CDB4A0D00701183 /* Resources */ = {
			isa = PBXResourcesBuildPhase;
			buildActionMask = 2147483647;
			files = (
			);
			runOnlyForDeploymentPostprocessing = 0;
		};
		EBA2E1392CDB4A0D00701183 /* Resources */ = {
			isa = PBXResourcesBuildPhase;
			buildActionMask = 2147483647;
			files = (
			);
			runOnlyForDeploymentPostprocessing = 0;
		};
/* End PBXResourcesBuildPhase section */

/* Begin PBXSourcesBuildPhase section */
		EBA2E11B2CDB4A0B00701183 /* Sources */ = {
			isa = PBXSourcesBuildPhase;
			buildActionMask = 2147483647;
			files = (
			);
			runOnlyForDeploymentPostprocessing = 0;
		};
		EBA2E12D2CDB4A0D00701183 /* Sources */ = {
			isa = PBXSourcesBuildPhase;
			buildActionMask = 2147483647;
			files = (
			);
			runOnlyForDeploymentPostprocessing = 0;
		};
		EBA2E1372CDB4A0D00701183 /* Sources */ = {
			isa = PBXSourcesBuildPhase;
			buildActionMask = 2147483647;
			files = (
			);
			runOnlyForDeploymentPostprocessing = 0;
		};
/* End PBXSourcesBuildPhase section */

/* Begin PBXTargetDependency section */
		EBA2E1332CDB4A0D00701183 /* PBXTargetDependency */ = {
			isa = PBXTargetDependency;
			target = EBA2E11E2CDB4A0B00701183 /* SwiftComplete */;
			targetProxy = EBA2E1322CDB4A0D00701183 /* PBXContainerItemProxy */;
		};
		EBA2E13D2CDB4A0D00701183 /* PBXTargetDependency */ = {
			isa = PBXTargetDependency;
			target = EBA2E11E2CDB4A0B00701183 /* SwiftComplete */;
			targetProxy = EBA2E13C2CDB4A0D00701183 /* PBXContainerItemProxy */;
		};
/* End PBXTargetDependency section */

/* Begin XCBuildConfiguration section */
		EBA2E1432CDB4A0D00701183 /* Debug */ = {
			isa = XCBuildConfiguration;
			buildSettings = {
				ALWAYS_SEARCH_USER_PATHS = NO;
				ASSETCATALOG_COMPILER_GENERATE_SWIFT_ASSET_SYMBOL_EXTENSIONS = YES;
				CLANG_ANALYZER_NONNULL = YES;
				CLANG_ANALYZER_NUMBER_OBJECT_CONVERSION = YES_AGGRESSIVE;
				CLANG_CXX_LANGUAGE_STANDARD = "gnu++20";
				CLANG_ENABLE_MODULES = YES;
				CLANG_ENABLE_OBJC_ARC = YES;
				CLANG_ENABLE_OBJC_WEAK = YES;
				CLANG_WARN_BLOCK_CAPTURE_AUTORELEASING = YES;
				CLANG_WARN_BOOL_CONVERSION = YES;
				CLANG_WARN_COMMA = YES;
				CLANG_WARN_CONSTANT_CONVERSION = YES;
				CLANG_WARN_DEPRECATED_OBJC_IMPLEMENTATIONS = YES;
				CLANG_WARN_DIRECT_OBJC_ISA_USAGE = YES_ERROR;
				CLANG_WARN_DOCUMENTATION_COMMENTS = YES;
				CLANG_WARN_EMPTY_BODY = YES;
				CLANG_WARN_ENUM_CONVERSION = YES;
				CLANG_WARN_INFINITE_RECURSION = YES;
				CLANG_WARN_INT_CONVERSION = YES;
				CLANG_WARN_NON_LITERAL_NULL_CONVERSION = YES;
				CLANG_WARN_OBJC_IMPLICIT_RETAIN_SELF = YES;
				CLANG_WARN_OBJC_LITERAL_CONVERSION = YES;
				CLANG_WARN_OBJC_ROOT_CLASS = YES_ERROR;
				CLANG_WARN_QUOTED_INCLUDE_IN_FRAMEWORK_HEADER = YES;
				CLANG_WARN_RANGE_LOOP_ANALYSIS = YES;
				CLANG_WARN_STRICT_PROTOTYPES = YES;
				CLANG_WARN_SUSPICIOUS_MOVE = YES;
				CLANG_WARN_UNGUARDED_AVAILABILITY = YES_AGGRESSIVE;
				CLANG_WARN_UNREACHABLE_CODE = YES;
				CLANG_WARN__DUPLICATE_METHOD_MATCH = YES;
				COPY_PHASE_STRIP = NO;
				DEBUG_INFORMATION_FORMAT = dwarf;
				ENABLE_STRICT_OBJC_MSGSEND = YES;
				ENABLE_TESTABILITY = YES;
				ENABLE_USER_SCRIPT_SANDBOXING = YES;
				GCC_C_LANGUAGE_STANDARD = gnu17;
				GCC_DYNAMIC_NO_PIC = NO;
				GCC_NO_COMMON_BLOCKS = YES;
				GCC_OPTIMIZATION_LEVEL = 0;
				GCC_PREPROCESSOR_DEFINITIONS = (
					"DEBUG=1",
					"$(inherited)",
				);
				GCC_WARN_64_TO_32_BIT_CONVERSION = YES;
				GCC_WARN_ABOUT_RETURN_TYPE = YES_ERROR;
				GCC_WARN_UNDECLARED_SELECTOR = YES;
				GCC_WARN_UNINITIALIZED_AUTOS = YES_AGGRESSIVE;
				GCC_WARN_UNUSED_FUNCTION = YES;
				GCC_WARN_UNUSED_VARIABLE = YES;
				IPHONEOS_DEPLOYMENT_TARGET = 18.1;
				LOCALIZATION_PREFERS_STRING_CATALOGS = YES;
				MTL_ENABLE_DEBUG_INFO = INCLUDE_SOURCE;
				MTL_FAST_MATH = YES;
				ONLY_ACTIVE_ARCH = YES;
				SDKROOT = iphoneos;
				SWIFT_ACTIVE_COMPILATION_CONDITIONS = "DEBUG $(inherited)";
				SWIFT_OPTIMIZATION_LEVEL = "-Onone";
			};
			name = Debug;
		};
		EBA2E1442CDB4A0D00701183 /* Release */ = {
			isa = XCBuildConfiguration;
			buildSettings = {
				ALWAYS_SEARCH_USER_PATHS = NO;
				ASSETCATALOG_COMPILER_GENERATE_SWIFT_ASSET_SYMBOL_EXTENSIONS = YES;
				CLANG_ANALYZER_NONNULL = YES;
				CLANG_ANALYZER_NUMBER_OBJECT_CONVERSION = YES_AGGRESSIVE;
				CLANG_CXX_LANGUAGE_STANDARD = "gnu++20";
				CLANG_ENABLE_MODULES = YES;
				CLANG_ENABLE_OBJC_ARC = YES;
				CLANG_ENABLE_OBJC_WEAK = YES;
				CLANG_WARN_BLOCK_CAPTURE_AUTORELEASING = YES;
				CLANG_WARN_BOOL_CONVERSION = YES;
				CLANG_WARN_COMMA = YES;
				CLANG_WARN_CONSTANT_CONVERSION = YES;
				CLANG_WARN_DEPRECATED_OBJC_IMPLEMENTATIONS = YES;
				CLANG_WARN_DIRECT_OBJC_ISA_USAGE = YES_ERROR;
				CLANG_WARN_DOCUMENTATION_COMMENTS = YES;
				CLANG_WARN_EMPTY_BODY = YES;
				CLANG_WARN_ENUM_CONVERSION = YES;
				CLANG_WARN_INFINITE_RECURSION = YES;
				CLANG_WARN_INT_CONVERSION = YES;
				CLANG_WARN_NON_LITERAL_NULL_CONVERSION = YES;
				CLANG_WARN_OBJC_IMPLICIT_RETAIN_SELF = YES;
				CLANG_WARN_OBJC_LITERAL_CONVERSION = YES;
				CLANG_WARN_OBJC_ROOT_CLASS = YES_ERROR;
				CLANG_WARN_QUOTED_INCLUDE_IN_FRAMEWORK_HEADER = YES;
				CLANG_WARN_RANGE_LOOP_ANALYSIS = YES;
				CLANG_WARN_STRICT_PROTOTYPES = YES;
				CLANG_WARN_SUSPICIOUS_MOVE = YES;
				CLANG_WARN_UNGUARDED_AVAILABILITY = YES_AGGRESSIVE;
				CLANG_WARN_UNREACHABLE_CODE = YES;
				CLANG_WARN__DUPLICATE_METHOD_MATCH = YES;
				COPY_PHASE_STRIP = NO;
				DEBUG_INFORMATION_FORMAT = "dwarf-with-dsym";
				ENABLE_NS_ASSERTIONS = NO;
				ENABLE_STRICT_OBJC_MSGSEND = YES;
				ENABLE_USER_SCRIPT_SANDBOXING = YES;
				GCC_C_LANGUAGE_STANDARD = gnu17;
				GCC_NO_COMMON_BLOCKS = YES;
				GCC_WARN_64_TO_32_BIT_CONVERSION = YES;
				GCC_WARN_ABOUT_RETURN_TYPE = YES_ERROR;
				GCC_WARN_UNDECLARED_SELECTOR = YES;
				GCC_WARN_UNINITIALIZED_AUTOS = YES_AGGRESSIVE;
				GCC_WARN_UNUSED_FUNCTION = YES;
				GCC_WARN_UNUSED_VARIABLE = YES;
				IPHONEOS_DEPLOYMENT_TARGET = 18.1;
				LOCALIZATION_PREFERS_STRING_CATALOGS = YES;
				MTL_ENABLE_DEBUG_INFO = NO;
				MTL_FAST_MATH = YES;
				SDKROOT = iphoneos;
				SWIFT_COMPILATION_MODE = wholemodule;
				VALIDATE_PRODUCT = YES;
			};
			name = Release;
		};
		EBA2E1462CDB4A0D00701183 /* Debug */ = {
			isa = XCBuildConfiguration;
			buildSettings = {
				ASSETCATALOG_COMPILER_APPICON_NAME = AppIcon;
				ASSETCATALOG_COMPILER_GLOBAL_ACCENT_COLOR_NAME = AccentColor;
				CODE_SIGN_STYLE = Automatic;
				CURRENT_PROJECT_VERSION = 1;
				DEVELOPMENT_ASSET_PATHS = "\"SwiftComplete/Preview Content\"";
				DEVELOPMENT_TEAM = MCNWV2MBKN;
				ENABLE_PREVIEWS = YES;
				GENERATE_INFOPLIST_FILE = YES;
				INFOPLIST_KEY_UIApplicationSceneManifest_Generation = YES;
				INFOPLIST_KEY_UIApplicationSupportsIndirectInputEvents = YES;
				INFOPLIST_KEY_UILaunchScreen_Generation = YES;
				INFOPLIST_KEY_UISupportedInterfaceOrientations_iPad = "UIInterfaceOrientationPortrait UIInterfaceOrientationPortraitUpsideDown UIInterfaceOrientationLandscapeLeft UIInterfaceOrientationLandscapeRight";
				INFOPLIST_KEY_UISupportedInterfaceOrientations_iPhone = "UIInterfaceOrientationPortrait UIInterfaceOrientationLandscapeLeft UIInterfaceOrientationLandscapeRight";
				LD_RUNPATH_SEARCH_PATHS = (
					"$(inherited)",
					"@executable_path/Frameworks",
				);
				MARKETING_VERSION = 1.0;
				PRODUCT_BUNDLE_IDENTIFIER = com.ankitSample.com.SwiftComplete;
				PRODUCT_NAME = "$(TARGET_NAME)";
				SWIFT_EMIT_LOC_STRINGS = YES;
				SWIFT_VERSION = 5.0;
				TARGETED_DEVICE_FAMILY = "1,2";
			};
			name = Debug;
		};
		EBA2E1472CDB4A0D00701183 /* Release */ = {
			isa = XCBuildConfiguration;
			buildSettings = {
				ASSETCATALOG_COMPILER_APPICON_NAME = AppIcon;
				ASSETCATALOG_COMPILER_GLOBAL_ACCENT_COLOR_NAME = AccentColor;
				CODE_SIGN_STYLE = Automatic;
				CURRENT_PROJECT_VERSION = 1;
				DEVELOPMENT_ASSET_PATHS = "\"SwiftComplete/Preview Content\"";
				DEVELOPMENT_TEAM = MCNWV2MBKN;
				ENABLE_PREVIEWS = YES;
				GENERATE_INFOPLIST_FILE = YES;
				INFOPLIST_KEY_UIApplicationSceneManifest_Generation = YES;
				INFOPLIST_KEY_UIApplicationSupportsIndirectInputEvents = YES;
				INFOPLIST_KEY_UILaunchScreen_Generation = YES;
				INFOPLIST_KEY_UISupportedInterfaceOrientations_iPad = "UIInterfaceOrientationPortrait UIInterfaceOrientationPortraitUpsideDown UIInterfaceOrientationLandscapeLeft UIInterfaceOrientationLandscapeRight";
				INFOPLIST_KEY_UISupportedInterfaceOrientations_iPhone = "UIInterfaceOrientationPortrait UIInterfaceOrientationLandscapeLeft UIInterfaceOrientationLandscapeRight";
				LD_RUNPATH_SEARCH_PATHS = (
					"$(inherited)",
					"@executable_path/Frameworks",
				);
				MARKETING_VERSION = 1.0;
				PRODUCT_BUNDLE_IDENTIFIER = com.ankitSample.com.SwiftComplete;
				PRODUCT_NAME = "$(TARGET_NAME)";
				SWIFT_EMIT_LOC_STRINGS = YES;
				SWIFT_VERSION = 5.0;
				TARGETED_DEVICE_FAMILY = "1,2";
			};
			name = Release;
		};
		EBA2E1492CDB4A0D00701183 /* Debug */ = {
			isa = XCBuildConfiguration;
			buildSettings = {
				BUNDLE_LOADER = "$(TEST_HOST)";
				CODE_SIGN_STYLE = Automatic;
				CURRENT_PROJECT_VERSION = 1;
				DEVELOPMENT_TEAM = MCNWV2MBKN;
				GENERATE_INFOPLIST_FILE = YES;
				IPHONEOS_DEPLOYMENT_TARGET = 18.1;
				MARKETING_VERSION = 1.0;
				PRODUCT_BUNDLE_IDENTIFIER = com.ankitSample.com.SwiftCompleteTests;
				PRODUCT_NAME = "$(TARGET_NAME)";
				SUPPORTED_PLATFORMS = "iphoneos iphonesimulator";
				SUPPORTS_MACCATALYST = NO;
				SUPPORTS_MAC_DESIGNED_FOR_IPHONE_IPAD = NO;
				SUPPORTS_XR_DESIGNED_FOR_IPHONE_IPAD = NO;
				SWIFT_EMIT_LOC_STRINGS = NO;
				SWIFT_VERSION = 5.0;
				TARGETED_DEVICE_FAMILY = 1;
				TEST_HOST = "$(BUILT_PRODUCTS_DIR)/SwiftComplete.app/$(BUNDLE_EXECUTABLE_FOLDER_PATH)/SwiftComplete";
			};
			name = Debug;
		};
		EBA2E14A2CDB4A0D00701183 /* Release */ = {
			isa = XCBuildConfiguration;
			buildSettings = {
				BUNDLE_LOADER = "$(TEST_HOST)";
				CODE_SIGN_STYLE = Automatic;
				CURRENT_PROJECT_VERSION = 1;
				DEVELOPMENT_TEAM = MCNWV2MBKN;
				GENERATE_INFOPLIST_FILE = YES;
				IPHONEOS_DEPLOYMENT_TARGET = 18.1;
				MARKETING_VERSION = 1.0;
				PRODUCT_BUNDLE_IDENTIFIER = com.ankitSample.com.SwiftCompleteTests;
				PRODUCT_NAME = "$(TARGET_NAME)";
				SUPPORTED_PLATFORMS = "iphoneos iphonesimulator";
				SUPPORTS_MACCATALYST = NO;
				SUPPORTS_MAC_DESIGNED_FOR_IPHONE_IPAD = NO;
				SUPPORTS_XR_DESIGNED_FOR_IPHONE_IPAD = NO;
				SWIFT_EMIT_LOC_STRINGS = NO;
				SWIFT_VERSION = 5.0;
				TARGETED_DEVICE_FAMILY = 1;
				TEST_HOST = "$(BUILT_PRODUCTS_DIR)/SwiftComplete.app/$(BUNDLE_EXECUTABLE_FOLDER_PATH)/SwiftComplete";
			};
			name = Release;
		};
		EBA2E14C2CDB4A0D00701183 /* Debug */ = {
			isa = XCBuildConfiguration;
			buildSettings = {
				CODE_SIGN_STYLE = Automatic;
				CURRENT_PROJECT_VERSION = 1;
				DEVELOPMENT_TEAM = MCNWV2MBKN;
				GENERATE_INFOPLIST_FILE = YES;
				MARKETING_VERSION = 1.0;
				PRODUCT_BUNDLE_IDENTIFIER = com.ankitSample.com.SwiftCompleteUITests;
				PRODUCT_NAME = "$(TARGET_NAME)";
				SWIFT_EMIT_LOC_STRINGS = NO;
				SWIFT_VERSION = 5.0;
				TARGETED_DEVICE_FAMILY = "1,2";
				TEST_TARGET_NAME = SwiftComplete;
			};
			name = Debug;
		};
		EBA2E14D2CDB4A0D00701183 /* Release */ = {
			isa = XCBuildConfiguration;
			buildSettings = {
				CODE_SIGN_STYLE = Automatic;
				CURRENT_PROJECT_VERSION = 1;
				DEVELOPMENT_TEAM = MCNWV2MBKN;
				GENERATE_INFOPLIST_FILE = YES;
				MARKETING_VERSION = 1.0;
				PRODUCT_BUNDLE_IDENTIFIER = com.ankitSample.com.SwiftCompleteUITests;
				PRODUCT_NAME = "$(TARGET_NAME)";
				SWIFT_EMIT_LOC_STRINGS = NO;
				SWIFT_VERSION = 5.0;
				TARGETED_DEVICE_FAMILY = "1,2";
				TEST_TARGET_NAME = SwiftComplete;
			};
			name = Release;
		};
/* End XCBuildConfiguration section */

/* Begin XCConfigurationList section */
		EBA2E11A2CDB4A0B00701183 /* Build configuration list for PBXProject "SwiftComplete" */ = {
			isa = XCConfigurationList;
			buildConfigurations = (
				EBA2E1432CDB4A0D00701183 /* Debug */,
				EBA2E1442CDB4A0D00701183 /* Release */,
			);
			defaultConfigurationIsVisible = 0;
			defaultConfigurationName = Release;
		};
		EBA2E1452CDB4A0D00701183 /* Build configuration list for PBXNativeTarget "SwiftComplete" */ = {
			isa = XCConfigurationList;
			buildConfigurations = (
				EBA2E1462CDB4A0D00701183 /* Debug */,
				EBA2E1472CDB4A0D00701183 /* Release */,
			);
			defaultConfigurationIsVisible = 0;
			defaultConfigurationName = Release;
		};
		EBA2E1482CDB4A0D00701183 /* Build configuration list for PBXNativeTarget "SwiftCompleteTests" */ = {
			isa = XCConfigurationList;
			buildConfigurations = (
				EBA2E1492CDB4A0D00701183 /* Debug */,
				EBA2E14A2CDB4A0D00701183 /* Release */,
			);
			defaultConfigurationIsVisible = 0;
			defaultConfigurationName = Release;
		};
		EBA2E14B2CDB4A0D00701183 /* Build configuration list for PBXNativeTarget "SwiftCompleteUITests" */ = {
			isa = XCConfigurationList;
			buildConfigurations = (
				EBA2E14C2CDB4A0D00701183 /* Debug */,
				EBA2E14D2CDB4A0D00701183 /* Release */,
			);
			defaultConfigurationIsVisible = 0;
			defaultConfigurationName = Release;
		};
/* End XCConfigurationList section */
	};
	rootObject = EBA2E1172CDB4A0B00701183 /* Project object */;
}
